
Microsoft Visual Studio Solution File, Format Version 12.00
# Visual Studio Version 16
VisualStudioVersion = 16.0.32228.343
MinimumVisualStudioVersion = 10.0.40219.1
Project("{8BC9CEB8-8B4A-11D0-8D11-00A0C91BC942}") = "SimpleDraw", "SimpleDraw\SimpleDraw.vcxproj", "{04BC387F-65B0-428C-8B2C-8DAB6E25B147}"
EndProject
Project("{8BC9CEB8-8B4A-11D0-8D11-00A0C91BC942}") = "SimpleSphere", "SimpleSphere\SimpleSphere.vcxproj", "{14A2B66C-8D48-4087-80EF-8E34B20CF264}"
EndProject
Project("{8BC9CEB8-8B4A-11D0-8D11-00A0C91BC942}") = "SimpleTexture", "SimpleTexture\SimpleTexture.vcxproj", "{BCAE0268-85BC-4BCE-B93B-454CDAE9D38E}"
EndProject
Project("{8BC9CEB8-8B4A-11D0-8D11-00A0C91BC942}") = "Vulkan11Subgroup", "Vulkan11Subgroup\Vulkan11Subgroup.vcxproj", "{F458F43A-31A9-436A-8E24-46A15C3D7AE5}"
EndProject
Project("{8BC9CEB8-8B4A-11D0-8D11-00A0C91BC942}") = "Vulkan12DescriptorIndexing", "Vulkan12DescriptorIndexing\Vulkan12DescriptorIndexing.vcxproj", "{67E8CAC4-3193-4FCC-B8B1-83E68B9334D9}"
EndProject
Project("{8BC9CEB8-8B4A-11D0-8D11-00A0C91BC942}") = "SimpleMSAA", "SimpleMSAA\SimpleMSAA.vcxproj", "{2483D047-21E6-491E-864F-8D795D5D92E0}"
EndProject
Project("{8BC9CEB8-8B4A-11D0-8D11-00A0C91BC942}") = "Vulkan12ImagelessFramebuffer", "Vulkan12ImagelessFramebuffer\Vulkan12ImagelessFramebuffer.vcxproj", "{935391B5-0228-47E5-BB78-19AFF5016019}"
EndProject
Project("{8BC9CEB8-8B4A-11D0-8D11-00A0C91BC942}") = "SubpassMSAA", "SubpassMSAA\SubpassMSAA.vcxproj", "{953309C4-0859-444E-9AC2-030F76F15BC0}"
EndProject
Project("{8BC9CEB8-8B4A-11D0-8D11-00A0C91BC942}") = "Vulkan10SpecializationConstants", "Vulkan10SpecializationConstants\Vulkan10SpecializationConstants.vcxproj", "{B218B8B7-307C-47A0-A3F7-522943E1EE55}"
EndProject
Project("{8BC9CEB8-8B4A-11D0-8D11-00A0C91BC942}") = "CheckerboardRendering", "CheckerboardRendering\CheckerboardRendering.vcxproj", "{7646EB94-26CF-4716-AD6E-54B21DD3E35B}"
EndProject
Project("{8BC9CEB8-8B4A-11D0-8D11-00A0C91BC942}") = "Vulkan12TimelineSemaphore", "Vulkan12TimelineSemaphore\Vulkan12TimelineSemaphore.vcxproj", "{70F45894-25AE-4E45-80BE-573D828EAD18}"
EndProject
Project("{8BC9CEB8-8B4A-11D0-8D11-00A0C91BC942}") = "SpirvDiscardPixel", "SpirvDiscardPixel\SpirvDiscardPixel.vcxproj", "{920EAC84-C436-4590-813A-639AD69D8142}"
EndProject
Project("{8BC9CEB8-8B4A-11D0-8D11-00A0C91BC942}") = "Vulkan13DynamicRendering", "Vulkan13DynamicRendering\Vulkan13DynamicRendering.vcxproj", "{883A1E45-2DE5-46A7-AE54-4BD709E016CA}"
EndProject
Project("{8BC9CEB8-8B4A-11D0-8D11-00A0C91BC942}") = "PBR", "PBR\PBR.vcxproj", "{A3FC9DD2-EC80-4920-8812-6D378F9BBCF5}"
EndProject
Project("{8BC9CEB8-8B4A-11D0-8D11-00A0C91BC942}") = "PBR_IBL", "PBR_IBL\PBR_IBL.vcxproj", "{DC0AE21F-FA4B-467B-BC12-350F1750766E}"
EndProject
Global
	GlobalSection(SolutionConfigurationPlatforms) = preSolution
		Debug|x64 = Debug|x64
		Debug|x86 = Debug|x86
		Release|x64 = Release|x64
		Release|x86 = Release|x86
	EndGlobalSection
	GlobalSection(ProjectConfigurationPlatforms) = postSolution
		{04BC387F-65B0-428C-8B2C-8DAB6E25B147}.Debug|x64.ActiveCfg = Debug|x64
		{04BC387F-65B0-428C-8B2C-8DAB6E25B147}.Debug|x64.Build.0 = Debug|x64
		{04BC387F-65B0-428C-8B2C-8DAB6E25B147}.Debug|x86.ActiveCfg = Debug|x64
		{04BC387F-65B0-428C-8B2C-8DAB6E25B147}.Release|x64.ActiveCfg = Release|x64
		{04BC387F-65B0-428C-8B2C-8DAB6E25B147}.Release|x64.Build.0 = Release|x64
		{04BC387F-65B0-428C-8B2C-8DAB6E25B147}.Release|x86.ActiveCfg = Release|x64
		{14A2B66C-8D48-4087-80EF-8E34B20CF264}.Debug|x64.ActiveCfg = Debug|x64
		{14A2B66C-8D48-4087-80EF-8E34B20CF264}.Debug|x64.Build.0 = Debug|x64
		{14A2B66C-8D48-4087-80EF-8E34B20CF264}.Debug|x86.ActiveCfg = Debug|x64
		{14A2B66C-8D48-4087-80EF-8E34B20CF264}.Release|x64.ActiveCfg = Release|x64
		{14A2B66C-8D48-4087-80EF-8E34B20CF264}.Release|x64.Build.0 = Release|x64
		{14A2B66C-8D48-4087-80EF-8E34B20CF264}.Release|x86.ActiveCfg = Release|x64
		{BCAE0268-85BC-4BCE-B93B-454CDAE9D38E}.Debug|x64.ActiveCfg = Debug|x64
		{BCAE0268-85BC-4BCE-B93B-454CDAE9D38E}.Debug|x64.Build.0 = Debug|x64
		{BCAE0268-85BC-4BCE-B93B-454CDAE9D38E}.Debug|x86.ActiveCfg = Debug|x64
		{BCAE0268-85BC-4BCE-B93B-454CDAE9D38E}.Release|x64.ActiveCfg = Release|x64
		{BCAE0268-85BC-4BCE-B93B-454CDAE9D38E}.Release|x64.Build.0 = Release|x64
		{BCAE0268-85BC-4BCE-B93B-454CDAE9D38E}.Release|x86.ActiveCfg = Release|x64
		{F458F43A-31A9-436A-8E24-46A15C3D7AE5}.Debug|x64.ActiveCfg = Debug|x64
		{F458F43A-31A9-436A-8E24-46A15C3D7AE5}.Debug|x64.Build.0 = Debug|x64
		{F458F43A-31A9-436A-8E24-46A15C3D7AE5}.Debug|x86.ActiveCfg = Debug|x64
		{F458F43A-31A9-436A-8E24-46A15C3D7AE5}.Release|x64.ActiveCfg = Release|x64
		{F458F43A-31A9-436A-8E24-46A15C3D7AE5}.Release|x64.Build.0 = Release|x64
		{F458F43A-31A9-436A-8E24-46A15C3D7AE5}.Release|x86.ActiveCfg = Release|x64
		{67E8CAC4-3193-4FCC-B8B1-83E68B9334D9}.Debug|x64.ActiveCfg = Debug|x64
		{67E8CAC4-3193-4FCC-B8B1-83E68B9334D9}.Debug|x64.Build.0 = Debug|x64
		{67E8CAC4-3193-4FCC-B8B1-83E68B9334D9}.Debug|x86.ActiveCfg = Debug|Win32
		{67E8CAC4-3193-4FCC-B8B1-83E68B9334D9}.Debug|x86.Build.0 = Debug|Win32
		{67E8CAC4-3193-4FCC-B8B1-83E68B9334D9}.Release|x64.ActiveCfg = Release|x64
		{67E8CAC4-3193-4FCC-B8B1-83E68B9334D9}.Release|x64.Build.0 = Release|x64
		{67E8CAC4-3193-4FCC-B8B1-83E68B9334D9}.Release|x86.ActiveCfg = Release|Win32
		{67E8CAC4-3193-4FCC-B8B1-83E68B9334D9}.Release|x86.Build.0 = Release|Win32
		{2483D047-21E6-491E-864F-8D795D5D92E0}.Debug|x64.ActiveCfg = Debug|x64
		{2483D047-21E6-491E-864F-8D795D5D92E0}.Debug|x64.Build.0 = Debug|x64
		{2483D047-21E6-491E-864F-8D795D5D92E0}.Debug|x86.ActiveCfg = Debug|x64
		{2483D047-21E6-491E-864F-8D795D5D92E0}.Release|x64.ActiveCfg = Release|x64
		{2483D047-21E6-491E-864F-8D795D5D92E0}.Release|x64.Build.0 = Release|x64
		{2483D047-21E6-491E-864F-8D795D5D92E0}.Release|x86.ActiveCfg = Release|x64
		{935391B5-0228-47E5-BB78-19AFF5016019}.Debug|x64.ActiveCfg = Debug|x64
		{935391B5-0228-47E5-BB78-19AFF5016019}.Debug|x64.Build.0 = Debug|x64
		{935391B5-0228-47E5-BB78-19AFF5016019}.Debug|x86.ActiveCfg = Debug|x64
		{935391B5-0228-47E5-BB78-19AFF5016019}.Release|x64.ActiveCfg = Release|x64
		{935391B5-0228-47E5-BB78-19AFF5016019}.Release|x64.Build.0 = Release|x64
		{935391B5-0228-47E5-BB78-19AFF5016019}.Release|x86.ActiveCfg = Release|x64
		{953309C4-0859-444E-9AC2-030F76F15BC0}.Debug|x64.ActiveCfg = Debug|x64
		{953309C4-0859-444E-9AC2-030F76F15BC0}.Debug|x64.Build.0 = Debug|x64
		{953309C4-0859-444E-9AC2-030F76F15BC0}.Debug|x86.ActiveCfg = Debug|x64
		{953309C4-0859-444E-9AC2-030F76F15BC0}.Release|x64.ActiveCfg = Release|x64
		{953309C4-0859-444E-9AC2-030F76F15BC0}.Release|x64.Build.0 = Release|x64
		{953309C4-0859-444E-9AC2-030F76F15BC0}.Release|x86.ActiveCfg = Release|x64
		{B218B8B7-307C-47A0-A3F7-522943E1EE55}.Debug|x64.ActiveCfg = Debug|x64
		{B218B8B7-307C-47A0-A3F7-522943E1EE55}.Debug|x64.Build.0 = Debug|x64
		{B218B8B7-307C-47A0-A3F7-522943E1EE55}.Debug|x86.ActiveCfg = Debug|x64
		{B218B8B7-307C-47A0-A3F7-522943E1EE55}.Release|x64.ActiveCfg = Release|x64
		{B218B8B7-307C-47A0-A3F7-522943E1EE55}.Release|x64.Build.0 = Release|x64
		{B218B8B7-307C-47A0-A3F7-522943E1EE55}.Release|x86.ActiveCfg = Release|x64
		{7646EB94-26CF-4716-AD6E-54B21DD3E35B}.Debug|x64.ActiveCfg = Debug|x64
		{7646EB94-26CF-4716-AD6E-54B21DD3E35B}.Debug|x64.Build.0 = Debug|x64
		{7646EB94-26CF-4716-AD6E-54B21DD3E35B}.Debug|x86.ActiveCfg = Debug|x64
		{7646EB94-26CF-4716-AD6E-54B21DD3E35B}.Release|x64.ActiveCfg = Release|x64
		{7646EB94-26CF-4716-AD6E-54B21DD3E35B}.Release|x64.Build.0 = Release|x64
		{7646EB94-26CF-4716-AD6E-54B21DD3E35B}.Release|x86.ActiveCfg = Release|x64
		{70F45894-25AE-4E45-80BE-573D828EAD18}.Debug|x64.ActiveCfg = Debug|x64
		{70F45894-25AE-4E45-80BE-573D828EAD18}.Debug|x64.Build.0 = Debug|x64
		{70F45894-25AE-4E45-80BE-573D828EAD18}.Debug|x86.ActiveCfg = Debug|x64
		{70F45894-25AE-4E45-80BE-573D828EAD18}.Release|x64.ActiveCfg = Release|x64
		{70F45894-25AE-4E45-80BE-573D828EAD18}.Release|x64.Build.0 = Release|x64
		{70F45894-25AE-4E45-80BE-573D828EAD18}.Release|x86.ActiveCfg = Release|x64
		{920EAC84-C436-4590-813A-639AD69D8142}.Debug|x64.ActiveCfg = Debug|x64
		{920EAC84-C436-4590-813A-639AD69D8142}.Debug|x64.Build.0 = Debug|x64
		{920EAC84-C436-4590-813A-639AD69D8142}.Debug|x86.ActiveCfg = Debug|x64
		{920EAC84-C436-4590-813A-639AD69D8142}.Release|x64.ActiveCfg = Release|x64
		{920EAC84-C436-4590-813A-639AD69D8142}.Release|x64.Build.0 = Release|x64
		{920EAC84-C436-4590-813A-639AD69D8142}.Release|x86.ActiveCfg = Release|x64
		{883A1E45-2DE5-46A7-AE54-4BD709E016CA}.Debug|x64.ActiveCfg = Debug|x64
		{883A1E45-2DE5-46A7-AE54-4BD709E016CA}.Debug|x64.Build.0 = Debug|x64
		{883A1E45-2DE5-46A7-AE54-4BD709E016CA}.Debug|x86.ActiveCfg = Debug|x64
		{883A1E45-2DE5-46A7-AE54-4BD709E016CA}.Release|x64.ActiveCfg = Release|x64
		{883A1E45-2DE5-46A7-AE54-4BD709E016CA}.Release|x64.Build.0 = Release|x64
		{883A1E45-2DE5-46A7-AE54-4BD709E016CA}.Release|x86.ActiveCfg = Release|x64
		{A3FC9DD2-EC80-4920-8812-6D378F9BBCF5}.Debug|x64.ActiveCfg = Debug|x64
		{A3FC9DD2-EC80-4920-8812-6D378F9BBCF5}.Debug|x64.Build.0 = Debug|x64
		{A3FC9DD2-EC80-4920-8812-6D378F9BBCF5}.Debug|x86.ActiveCfg = Debug|x64
		{A3FC9DD2-EC80-4920-8812-6D378F9BBCF5}.Release|x64.ActiveCfg = Release|x64
		{A3FC9DD2-EC80-4920-8812-6D378F9BBCF5}.Release|x64.Build.0 = Release|x64
		{A3FC9DD2-EC80-4920-8812-6D378F9BBCF5}.Release|x86.ActiveCfg = Release|x64
		{DC0AE21F-FA4B-467B-BC12-350F1750766E}.Debug|x64.ActiveCfg = Debug|x64
		{DC0AE21F-FA4B-467B-BC12-350F1750766E}.Debug|x64.Build.0 = Debug|x64
		{DC0AE21F-FA4B-467B-BC12-350F1750766E}.Debug|x86.ActiveCfg = Debug|x64
		{DC0AE21F-FA4B-467B-BC12-350F1750766E}.Release|x64.ActiveCfg = Release|x64
		{DC0AE21F-FA4B-467B-BC12-350F1750766E}.Release|x64.Build.0 = Release|x64
		{DC0AE21F-FA4B-467B-BC12-350F1750766E}.Release|x86.ActiveCfg = Release|x64
	EndGlobalSection
	GlobalSection(SolutionProperties) = preSolution
		HideSolutionNode = FALSE
	EndGlobalSection
	GlobalSection(ExtensibilityGlobals) = postSolution
		SolutionGuid = {83D60FA1-10D4-49B6-8D87-CC68D10B1425}
	EndGlobalSection
EndGlobal
